
Microsoft Visual Studio Solution File, Format Version 12.00
# Visual Studio for Mac
Project("{FAE04EC0-301F-11D3-BF4B-00C04F79EFBC}") = "Assembly-CSharp-Editor-firstpass", "Assembly-CSharp-Editor-firstpass.csproj", "{D388A025-9920-CE82-AEBF-640280BE220D}"
EndProject
Global
	GlobalSection(SolutionConfigurationPlatforms) = preSolution
		Debug|Any CPU = Debug|Any CPU
		Release|Any CPU = Release|Any CPU
	EndGlobalSection
	GlobalSection(ProjectConfigurationPlatforms) = postSolution
		{D388A025-9920-CE82-AEBF-640280BE220D}.Debug|Any CPU.ActiveCfg = Debug|Any CPU
		{D388A025-9920-CE82-AEBF-640280BE220D}.Debug|Any CPU.Build.0 = Debug|Any CPU
		{D388A025-9920-CE82-AEBF-640280BE220D}.Release|Any CPU.ActiveCfg = Release|Any CPU
		{D388A025-9920-CE82-AEBF-640280BE220D}.Release|Any CPU.Build.0 = Release|Any CPU
	EndGlobalSection
	GlobalSection(SolutionProperties) = preSolution
		HideSolutionNode = FALSE
	EndGlobalSection
EndGlobal
